header:
  version: 14
overrides:
  repos:
    bitbake:
      commit: fae9db3168dbff1b8c76fe9c6726a9687ff97514
    openembedded-core:
      commit: b5a6cada82d7ffb362bda9081c354dcc0b6ee264
    meta-yocto:
      commit: 824795b885b25e074a2880fbcd54e1a6c875d47d
    meta-openembedded:
      commit: af8b6d6b2f0b11595b0a0d5b82efa3129d52a628
